<?xml version="1.0" encoding="utf-8"?>
<Project ToolsVersion="4.0" xmlns="http://schemas.microsoft.com/developer/msbuild/2003">
  <ItemGroup>
    <ClCompile Include="..\HyperPlatform\HyperPlatform\driver.cpp" />
    <ClCompile Include="..\HyperPlatform\HyperPlatform\kernel_stl.cpp">
      <Filter>Common\Source</Filter>
    </ClCompile>
    <ClCompile Include="..\HyperPlatform\HyperPlatform\log.cpp">
      <Filter>Common\Source</Filter>
    </ClCompile>
    <ClCompile Include="..\HyperPlatform\HyperPlatform\performance.cpp">
      <Filter>Common\Source</Filter>
    </ClCompile>
    <ClCompile Include="..\HyperPlatform\HyperPlatform\util.cpp">
      <Filter>Common\Source</Filter>
    </ClCompile>
    <ClCompile Include="Ring3Hide.cpp">
      <Filter>NoTruth\Source</Filter>
    </ClCompile>
    <ClCompile Include="..\HyperPlatform\HyperPlatform\ept.cpp">
      <Filter>VMM\Source</Filter>
    </ClCompile>
    <ClCompile Include="NoTruth.cpp">
      <Filter>VMM\Source</Filter>
    </ClCompile>
    <ClCompile Include="..\HyperPlatform\HyperPlatform\vmm.cpp">
      <Filter>VMM\Source</Filter>
    </ClCompile>
    <ClCompile Include="..\HyperPlatform\HyperPlatform\vm.cpp">
      <Filter>VMM\Source</Filter>
    </ClCompile>
    <ClCompile Include="MemoryHide.cpp">
      <Filter>NoTruth\Source</Filter>
    </ClCompile>
  </ItemGroup>
  <ItemGroup>
    <ClInclude Include="..\HyperPlatform\HyperPlatform\driver.h" />
    <ClInclude Include="..\HyperPlatform\HyperPlatform\asm.h">
      <Filter>VMM\Header</Filter>
    </ClInclude>
    <ClInclude Include="..\HyperPlatform\HyperPlatform\ia32_type.h">
      <Filter>VMM\Header</Filter>
    </ClInclude>
    <ClInclude Include="..\HyperPlatform\HyperPlatform\ept.h">
      <Filter>VMM\Header</Filter>
    </ClInclude>
    <ClInclude Include="NoTruth.h">
      <Filter>VMM\Header</Filter>
    </ClInclude>
    <ClInclude Include="..\HyperPlatform\HyperPlatform\common.h">
      <Filter>Common\Header</Filter>
    </ClInclude>
    <ClInclude Include="..\HyperPlatform\HyperPlatform\kernel_stl.h">
      <Filter>Common\Header</Filter>
    </ClInclude>
    <ClInclude Include="..\HyperPlatform\HyperPlatform\perf_counter.h">
      <Filter>Common\Header</Filter>
    </ClInclude>
    <ClInclude Include="..\HyperPlatform\HyperPlatform\performance.h">
      <Filter>Common\Header</Filter>
    </ClInclude>
    <ClInclude Include="..\HyperPlatform\HyperPlatform\util.h">
      <Filter>Common\Header</Filter>
    </ClInclude>
    <ClInclude Include="..\HyperPlatform\HyperPlatform\log.h">
      <Filter>Common\Header</Filter>
    </ClInclude>
    <ClInclude Include="..\HyperPlatform\HyperPlatform\vm.h">
      <Filter>VMM\Header</Filter>
    </ClInclude>
    <ClInclude Include="..\HyperPlatform\HyperPlatform\vmm.h">
      <Filter>VMM\Header</Filter>
    </ClInclude>
    <ClInclude Include="Ring3Hide.h">
      <Filter>NoTruth\Header</Filter>
    </ClInclude>
    <ClInclude Include="MemoryHide.h">
      <Filter>NoTruth\Header</Filter>
    </ClInclude>
  </ItemGroup>
  <ItemGroup>
    <MASM Include="..\HyperPlatform\HyperPlatform\Arch\x64\x64.asm">
      <Filter>VMM\asm</Filter>
    </MASM>
    <MASM Include="..\HyperPlatform\HyperPlatform\Arch\x86\x86.asm">
      <Filter>VMM\asm</Filter>
    </MASM>
  </ItemGroup>
  <ItemGroup>
    <Inf Include="NoTruth.inf" />
  </ItemGroup>
  <ItemGroup>
    <Filter Include="VMM">
      <UniqueIdentifier>{2392972c-c739-4bc2-bc0a-a56f209b01f9}</UniqueIdentifier>
    </Filter>
    <Filter Include="VMM\Header">
      <UniqueIdentifier>{ed3a6845-8dc5-4da6-bc1b-0f8566118168}</UniqueIdentifier>
    </Filter>
    <Filter Include="Common">
      <UniqueIdentifier>{6e082e1a-96ab-442b-8268-6d24aeeaa4cb}</UniqueIdentifier>
    </Filter>
    <Filter Include="Common\Header">
      <UniqueIdentifier>{9ed23a19-31ab-4a51-8840-019995f0f00d}</UniqueIdentifier>
    </Filter>
    <Filter Include="NoTruth">
      <UniqueIdentifier>{69e7fe99-a9ef-4e14-839f-45c75e24fd47}</UniqueIdentifier>
    </Filter>
    <Filter Include="VMM\asm">
      <UniqueIdentifier>{47dab3c2-0816-43ab-978a-03b1db832f9f}</UniqueIdentifier>
    </Filter>
    <Filter Include="Common\Source">
      <UniqueIdentifier>{b102ff74-3b4b-43a2-99e8-e2da7c20bf85}</UniqueIdentifier>
    </Filter>
    <Filter Include="NoTruth\Header">
      <UniqueIdentifier>{ffd50322-97bc-4912-8cf4-026e1b6e21a1}</UniqueIdentifier>
    </Filter>
    <Filter Include="NoTruth\Source">
      <UniqueIdentifier>{ca471809-d8aa-42d3-8111-818036a720fc}</UniqueIdentifier>
    </Filter>
    <Filter Include="VMM\Source">
      <UniqueIdentifier>{86cdcc3a-f34e-49a1-9aa8-b89aaec1e3df}</UniqueIdentifier>
    </Filter>
  </ItemGroup>
</Project>